
Microsoft Visual Studio Solution File, Format Version 12.00
# Visual Studio Version 17
VisualStudioVersion = 17.3.32811.315
MinimumVisualStudioVersion = 10.0.40219.1
Project("{9A19103F-16F7-4668-BE54-9A1E7A4F7556}") = "MedicalHelper", "MedicalHelper\MedicalHelper.csproj", "{AC4A223F-3903-4D15-B2F8-160E809D246F}"
EndProject
Project("{9A19103F-16F7-4668-BE54-9A1E7A4F7556}") = "MedicalHelper.DataBase", "MedicalHelper.DataBase\MedicalHelper.DataBase.csproj", "{FE626B08-2C81-487B-A62B-FE3598777163}"
EndProject
Project("{9A19103F-16F7-4668-BE54-9A1E7A4F7556}") = "MedicalHelper.Repositories", "MedicalHelper.Repositories\MedicalHelper.Repositories.csproj", "{F0F58E85-742A-4727-B715-853CDF6AD9B9}"
EndProject
Project("{9A19103F-16F7-4668-BE54-9A1E7A4F7556}") = "MedicalHelper.Core", "MedicalHelper.Core\MedicalHelper.Core.csproj", "{88FF0C26-D0F8-4F49-9B77-9A81405958EB}"
EndProject
Project("{9A19103F-16F7-4668-BE54-9A1E7A4F7556}") = "MedicalHelper.Business", "MedicalHelper.Business\MedicalHelper.Business.csproj", "{4C006033-B13B-4754-8765-DD0BC81CF59C}"
EndProject
Project("{9A19103F-16F7-4668-BE54-9A1E7A4F7556}") = "MedicalHelper.Data.Abstractions", "MedicalHelper.Data.Abstractions\MedicalHelper.Data.Abstractions.csproj", "{7EFC2753-6D6A-4844-B288-07F9CFB3EFF0}"
EndProject
Project("{9A19103F-16F7-4668-BE54-9A1E7A4F7556}") = "MedicalHelper.WebAPI", "MedicalHelper.WebAPI\MedicalHelper.WebAPI.csproj", "{5431F0A5-74BD-4BBD-B729-13BD01265CE8}"
EndProject
Project("{9A19103F-16F7-4668-BE54-9A1E7A4F7556}") = "MedicalHelper.Data.CQS", "MedicalHelper.Data.CQS\MedicalHelper.Data.CQS.csproj", "{41CB5113-DC5E-4A6C-95A5-FE8873E2D513}"
EndProject
Project("{2150E333-8FDC-42A3-9474-1A3956D46DE8}") = "Tests", "Tests", "{F1B7E5CD-F3C2-469A-9427-6E7DA41EA620}"
EndProject
Project("{FAE04EC0-301F-11D3-BF4B-00C04F79EFBC}") = "MedicalHelper.Business.Tests", "MedicalHelper.Business.Tests\MedicalHelper.Business.Tests.csproj", "{25AB4F37-91F0-4816-980A-E1B2E6E29D6B}"
EndProject
Global
	GlobalSection(SolutionConfigurationPlatforms) = preSolution
		Debug|Any CPU = Debug|Any CPU
		Release|Any CPU = Release|Any CPU
	EndGlobalSection
	GlobalSection(ProjectConfigurationPlatforms) = postSolution
		{AC4A223F-3903-4D15-B2F8-160E809D246F}.Debug|Any CPU.ActiveCfg = Debug|Any CPU
		{AC4A223F-3903-4D15-B2F8-160E809D246F}.Debug|Any CPU.Build.0 = Debug|Any CPU
		{AC4A223F-3903-4D15-B2F8-160E809D246F}.Release|Any CPU.ActiveCfg = Release|Any CPU
		{AC4A223F-3903-4D15-B2F8-160E809D246F}.Release|Any CPU.Build.0 = Release|Any CPU
		{FE626B08-2C81-487B-A62B-FE3598777163}.Debug|Any CPU.ActiveCfg = Debug|Any CPU
		{FE626B08-2C81-487B-A62B-FE3598777163}.Debug|Any CPU.Build.0 = Debug|Any CPU
		{FE626B08-2C81-487B-A62B-FE3598777163}.Release|Any CPU.ActiveCfg = Release|Any CPU
		{FE626B08-2C81-487B-A62B-FE3598777163}.Release|Any CPU.Build.0 = Release|Any CPU
		{F0F58E85-742A-4727-B715-853CDF6AD9B9}.Debug|Any CPU.ActiveCfg = Debug|Any CPU
		{F0F58E85-742A-4727-B715-853CDF6AD9B9}.Debug|Any CPU.Build.0 = Debug|Any CPU
		{F0F58E85-742A-4727-B715-853CDF6AD9B9}.Release|Any CPU.ActiveCfg = Release|Any CPU
		{F0F58E85-742A-4727-B715-853CDF6AD9B9}.Release|Any CPU.Build.0 = Release|Any CPU
		{88FF0C26-D0F8-4F49-9B77-9A81405958EB}.Debug|Any CPU.ActiveCfg = Debug|Any CPU
		{88FF0C26-D0F8-4F49-9B77-9A81405958EB}.Debug|Any CPU.Build.0 = Debug|Any CPU
		{88FF0C26-D0F8-4F49-9B77-9A81405958EB}.Release|Any CPU.ActiveCfg = Release|Any CPU
		{88FF0C26-D0F8-4F49-9B77-9A81405958EB}.Release|Any CPU.Build.0 = Release|Any CPU
		{4C006033-B13B-4754-8765-DD0BC81CF59C}.Debug|Any CPU.ActiveCfg = Debug|Any CPU
		{4C006033-B13B-4754-8765-DD0BC81CF59C}.Debug|Any CPU.Build.0 = Debug|Any CPU
		{4C006033-B13B-4754-8765-DD0BC81CF59C}.Release|Any CPU.ActiveCfg = Release|Any CPU
		{4C006033-B13B-4754-8765-DD0BC81CF59C}.Release|Any CPU.Build.0 = Release|Any CPU
		{7EFC2753-6D6A-4844-B288-07F9CFB3EFF0}.Debug|Any CPU.ActiveCfg = Debug|Any CPU
		{7EFC2753-6D6A-4844-B288-07F9CFB3EFF0}.Debug|Any CPU.Build.0 = Debug|Any CPU
		{7EFC2753-6D6A-4844-B288-07F9CFB3EFF0}.Release|Any CPU.ActiveCfg = Release|Any CPU
		{7EFC2753-6D6A-4844-B288-07F9CFB3EFF0}.Release|Any CPU.Build.0 = Release|Any CPU
		{5431F0A5-74BD-4BBD-B729-13BD01265CE8}.Debug|Any CPU.ActiveCfg = Debug|Any CPU
		{5431F0A5-74BD-4BBD-B729-13BD01265CE8}.Debug|Any CPU.Build.0 = Debug|Any CPU
		{5431F0A5-74BD-4BBD-B729-13BD01265CE8}.Release|Any CPU.ActiveCfg = Release|Any CPU
		{5431F0A5-74BD-4BBD-B729-13BD01265CE8}.Release|Any CPU.Build.0 = Release|Any CPU
		{41CB5113-DC5E-4A6C-95A5-FE8873E2D513}.Debug|Any CPU.ActiveCfg = Debug|Any CPU
		{41CB5113-DC5E-4A6C-95A5-FE8873E2D513}.Debug|Any CPU.Build.0 = Debug|Any CPU
		{41CB5113-DC5E-4A6C-95A5-FE8873E2D513}.Release|Any CPU.ActiveCfg = Release|Any CPU
		{41CB5113-DC5E-4A6C-95A5-FE8873E2D513}.Release|Any CPU.Build.0 = Release|Any CPU
		{25AB4F37-91F0-4816-980A-E1B2E6E29D6B}.Debug|Any CPU.ActiveCfg = Debug|Any CPU
		{25AB4F37-91F0-4816-980A-E1B2E6E29D6B}.Debug|Any CPU.Build.0 = Debug|Any CPU
		{25AB4F37-91F0-4816-980A-E1B2E6E29D6B}.Release|Any CPU.ActiveCfg = Release|Any CPU
		{25AB4F37-91F0-4816-980A-E1B2E6E29D6B}.Release|Any CPU.Build.0 = Release|Any CPU
	EndGlobalSection
	GlobalSection(SolutionProperties) = preSolution
		HideSolutionNode = FALSE
	EndGlobalSection
	GlobalSection(NestedProjects) = preSolution
		{25AB4F37-91F0-4816-980A-E1B2E6E29D6B} = {F1B7E5CD-F3C2-469A-9427-6E7DA41EA620}
	EndGlobalSection
	GlobalSection(ExtensibilityGlobals) = postSolution
		SolutionGuid = {29A34909-AEFF-4286-B9FF-DD789A134304}
	EndGlobalSection
EndGlobal
